
Microsoft Visual Studio Solution File, Format Version 12.00
# Visual Studio Version 17
VisualStudioVersion = 17.6.33815.320
MinimumVisualStudioVersion = 10.0.40219.1
Project("{9A19103F-16F7-4668-BE54-9A1E7A4F7556}") = "ItaasSolution.Api", "src\ItaasSolution.Api\ItaasSolution.Api.csproj", "{88678948-8A65-480B-A7EC-959560ED3C13}"
EndProject
Global
	GlobalSection(SolutionConfigurationPlatforms) = preSolution
		Debug|Any CPU = Debug|Any CPU
		Release|Any CPU = Release|Any CPU
	EndGlobalSection
	GlobalSection(ProjectConfigurationPlatforms) = postSolution
		{88678948-8A65-480B-A7EC-959560ED3C13}.Debug|Any CPU.ActiveCfg = Debug|Any CPU
		{88678948-8A65-480B-A7EC-959560ED3C13}.Debug|Any CPU.Build.0 = Debug|Any CPU
		{88678948-8A65-480B-A7EC-959560ED3C13}.Release|Any CPU.ActiveCfg = Release|Any CPU
		{88678948-8A65-480B-A7EC-959560ED3C13}.Release|Any CPU.Build.0 = Release|Any CPU
	EndGlobalSection
	GlobalSection(SolutionProperties) = preSolution
		HideSolutionNode = FALSE
	EndGlobalSection
	GlobalSection(ExtensibilityGlobals) = postSolution
		SolutionGuid = {E95234BA-1CED-40F6-A88E-111E0A7F264E}
	EndGlobalSection
EndGlobal
